
Microsoft Visual Studio Solution File, Format Version 12.00
# Visual Studio Version 16
VisualStudioVersion = 16.0.30330.147
MinimumVisualStudioVersion = 10.0.40219.1
Project("{FAE04EC0-301F-11D3-BF4B-00C04F79EFBC}") = "XMLScraper", "XMLScraper\XMLScraper.csproj", "{F01EF2B0-D845-4AE9-BDC3-73AD6805307C}"
EndProject
Global
	GlobalSection(SolutionConfigurationPlatforms) = preSolution
		Debug|Any CPU = Debug|Any CPU
		Release|Any CPU = Release|Any CPU
	EndGlobalSection
	GlobalSection(ProjectConfigurationPlatforms) = postSolution
		{F01EF2B0-D845-4AE9-BDC3-73AD6805307C}.Debug|Any CPU.ActiveCfg = Debug|Any CPU
		{F01EF2B0-D845-4AE9-BDC3-73AD6805307C}.Debug|Any CPU.Build.0 = Debug|Any CPU
		{F01EF2B0-D845-4AE9-BDC3-73AD6805307C}.Release|Any CPU.ActiveCfg = Release|Any CPU
		{F01EF2B0-D845-4AE9-BDC3-73AD6805307C}.Release|Any CPU.Build.0 = Release|Any CPU
	EndGlobalSection
	GlobalSection(SolutionProperties) = preSolution
		HideSolutionNode = FALSE
	EndGlobalSection
	GlobalSection(ExtensibilityGlobals) = postSolution
		SolutionGuid = {7040389F-9369-46BD-B3FC-0861D083B758}
	EndGlobalSection
EndGlobal
